github.com/davecgh/go-spew v1.1.1 h1:vj9j/u1bqnvCEfJOwUhtlOARqs3+rkHYY13jYWTU97c=
github.com/davecgh/go-spew v1.1.1/go.mod h1:J7Y8YcW2NihsgmVo/mv3lAwl/skON4iLHjSsI+c5H38=
github.com/pkg/errors v0.9.1 h1:FEBLx1zS214owpjy7qsBeixbURkuhQAwrK5UwLGTwt4=
github.com/pkg/errors v0.9.1/go.mod h1:bwawxfHBFNV+L2hUp1rHADufV3IMtnDRdf1r5NINEl0=
golang.org/x/crypto v0.7.0 h1:AvwMYaRytfdeVt3u6mLaxYtErKYjxA2OXjJ1HHq6t3A=
golang.org/x/crypto v0.7.0/go.mod h1:pYwdfH91IfpZVANVyUOhSIPZaFoJGxTFbZhFTx+dXZU=
golang.org/x/sys v0.6.0 h1:MVltZSvRTcU2ljQOhs94SXPftV6DCNnZViHeQps87pQ=
golang.org/x/sys v0.6.0/go.mod h1:oPkhp1MJrh7nUepCBck5+mAzfO9JrbApNNgaTdGDITg=
nullprogram.com/x/rng v1.1.0 h1:SMU7DHaQSWtKJNTpNFIFt8Wd/KSmOuSDPXrMFp/UMro=
nullprogram.com/x/rng v1.1.0/go.mod h1:glGw6V87vyfawxCzqOABL3WfL95G65az9Z2JZCylCkg=
